{
  "name": "imbd",
  "lockfileVersion": 3,
  "requires": true,
  "packages": {
    "": {
      "dependencies": {
        "readline-sync": "^1.4.10",
        "require": "^0.4.4"
      },
      "devDependencies": {
        "@types/node": "^20.9.0"
      }
    },
    "node_modules/@types/node": {
      "version": "20.9.0",
      "resolved": "https://registry.npmjs.org/@types/node/-/node-20.9.0.tgz",
      "integrity": "sha512-nekiGu2NDb1BcVofVcEKMIwzlx4NjHlcjhoxxKBNLtz15Y1z7MYf549DFvkHSId02Ax6kGwWntIBPC3l/JZcmw==",
      "dev": true,
      "dependencies": {
        "undici-types": "~5.26.4"
      }
    },
    "node_modules/readline-sync": {
      "version": "1.4.10",
      "resolved": "https://registry.npmjs.org/readline-sync/-/readline-sync-1.4.10.tgz",
      "integrity": "sha512-gNva8/6UAe8QYepIQH/jQ2qn91Qj0B9sYjMBBs3QOB8F2CXcKgLxQaJRP76sWVRQt+QU+8fAkCbCvjjMFu7Ycw==",
      "engines": {
        "node": ">= 0.8.0"
      }
    },
    "node_modules/require": {
      "version": "0.4.9",
      "resolved": "https://registry.npmjs.org/require/-/require-0.4.9.tgz",
      "integrity": "sha512-gkJ1IiSdLFgBiLmcVdtBen0KVB3H/+2pLtoEXKUEKKCxlaH5e/aAyMcvYWuXD8gzbdTW/1U7UEB71lSEl8wA9w==",
      "dependencies": {
        "uglify-js": "1.0.3"
      },
      "bin": {
        "require": "bin/require-command.js"
      },
      "engines": {
        "browsers": "*",
        "node": "*"
      }
    },
    "node_modules/uglify-js": {
      "version": "1.0.3",
      "resolved": "https://registry.npmjs.org/uglify-js/-/uglify-js-1.0.3.tgz",
      "integrity": "sha512-56NY7VZ8NfvYgu3e6Gk44nU4ifXlWvTDmTB8SLZ1Sl0gZbXA5ncDmVBD6U2hv3oiXLaIfeSoht7RwVeiaQUe8Q==",
      "bin": {
        "uglifyjs": "bin/uglifyjs"
      },
      "engines": {
        "node": "*"
      }
    },
    "node_modules/undici-types": {
      "version": "5.26.5",
      "resolved": "https://registry.npmjs.org/undici-types/-/undici-types-5.26.5.tgz",
      "integrity": "sha512-JlCMO+ehdEIKqlFxk6IfVoAUVmgz7cU7zD/h9XZ0qzeosSHmUJVOzSQvvYSYWXkFXC+IfLKSIffhv0sVZup6pA==",
      "dev": true
    }
  }
}
